
Microsoft Visual Studio Solution File, Format Version 12.00
# Visual Studio Version 16
VisualStudioVersion = 16.0.29102.190
MinimumVisualStudioVersion = 10.0.40219.1
Project("{FAE04EC0-301F-11D3-BF4B-00C04F79EFBC}") = "TesteAPP", "TesteAPP\TesteAPP.csproj", "{4D3025AE-5968-4150-92BA-33C208F89DDB}"
EndProject
Project("{FAE04EC0-301F-11D3-BF4B-00C04F79EFBC}") = "Repositorio.Entidades", "Repositorio.Entidades\Repositorio.Entidades.csproj", "{F79632A5-C429-423E-9636-20B6547248C3}"
EndProject
Global
	GlobalSection(SolutionConfigurationPlatforms) = preSolution
		Debug|Any CPU = Debug|Any CPU
		Release|Any CPU = Release|Any CPU
	EndGlobalSection
	GlobalSection(ProjectConfigurationPlatforms) = postSolution
		{4D3025AE-5968-4150-92BA-33C208F89DDB}.Debug|Any CPU.ActiveCfg = Debug|Any CPU
		{4D3025AE-5968-4150-92BA-33C208F89DDB}.Debug|Any CPU.Build.0 = Debug|Any CPU
		{4D3025AE-5968-4150-92BA-33C208F89DDB}.Release|Any CPU.ActiveCfg = Release|Any CPU
		{4D3025AE-5968-4150-92BA-33C208F89DDB}.Release|Any CPU.Build.0 = Release|Any CPU
		{F79632A5-C429-423E-9636-20B6547248C3}.Debug|Any CPU.ActiveCfg = Debug|Any CPU
		{F79632A5-C429-423E-9636-20B6547248C3}.Debug|Any CPU.Build.0 = Debug|Any CPU
		{F79632A5-C429-423E-9636-20B6547248C3}.Release|Any CPU.ActiveCfg = Release|Any CPU
		{F79632A5-C429-423E-9636-20B6547248C3}.Release|Any CPU.Build.0 = Release|Any CPU
	EndGlobalSection
	GlobalSection(SolutionProperties) = preSolution
		HideSolutionNode = FALSE
	EndGlobalSection
	GlobalSection(ExtensibilityGlobals) = postSolution
		SolutionGuid = {C6637EC0-5AA7-496C-9DC2-7AFAA7E6272A}
	EndGlobalSection
EndGlobal
